
Microsoft Visual Studio Solution File, Format Version 12.00
# Visual Studio Version 17
VisualStudioVersion = 17.7.34221.43
MinimumVisualStudioVersion = 10.0.40219.1
Project("{FAE04EC0-301F-11D3-BF4B-00C04F79EFBC}") = "engneeringCalculator1", "engneeringCalculator1\engneeringCalculator1.csproj", "{08F41C92-3EE0-4559-BA87-40F2D639569F}"
EndProject
Global
	GlobalSection(SolutionConfigurationPlatforms) = preSolution
		Debug|Any CPU = Debug|Any CPU
		Release|Any CPU = Release|Any CPU
	EndGlobalSection
	GlobalSection(ProjectConfigurationPlatforms) = postSolution
		{08F41C92-3EE0-4559-BA87-40F2D639569F}.Debug|Any CPU.ActiveCfg = Debug|Any CPU
		{08F41C92-3EE0-4559-BA87-40F2D639569F}.Debug|Any CPU.Build.0 = Debug|Any CPU
		{08F41C92-3EE0-4559-BA87-40F2D639569F}.Release|Any CPU.ActiveCfg = Release|Any CPU
		{08F41C92-3EE0-4559-BA87-40F2D639569F}.Release|Any CPU.Build.0 = Release|Any CPU
	EndGlobalSection
	GlobalSection(SolutionProperties) = preSolution
		HideSolutionNode = FALSE
	EndGlobalSection
	GlobalSection(ExtensibilityGlobals) = postSolution
		SolutionGuid = {E891207E-0EA3-481C-B602-974A58559341}
	EndGlobalSection
EndGlobal
